
Microsoft Visual Studio Solution File, Format Version 12.00
# Visual Studio Version 16
VisualStudioVersion = 16.0.30002.166
MinimumVisualStudioVersion = 10.0.40219.1
Project("{FAE04EC0-301F-11D3-BF4B-00C04F79EFBC}") = "Bakery", "Bakery\Bakery.csproj", "{3AE22D23-7EC7-45F1-9960-F0B6627F0BD0}"
EndProject
Global
	GlobalSection(SolutionConfigurationPlatforms) = preSolution
		Debug|Any CPU = Debug|Any CPU
		Release|Any CPU = Release|Any CPU
	EndGlobalSection
	GlobalSection(ProjectConfigurationPlatforms) = postSolution
		{3AE22D23-7EC7-45F1-9960-F0B6627F0BD0}.Debug|Any CPU.ActiveCfg = Debug|Any CPU
		{3AE22D23-7EC7-45F1-9960-F0B6627F0BD0}.Debug|Any CPU.Build.0 = Debug|Any CPU
		{3AE22D23-7EC7-45F1-9960-F0B6627F0BD0}.Release|Any CPU.ActiveCfg = Release|Any CPU
		{3AE22D23-7EC7-45F1-9960-F0B6627F0BD0}.Release|Any CPU.Build.0 = Release|Any CPU
	EndGlobalSection
	GlobalSection(SolutionProperties) = preSolution
		HideSolutionNode = FALSE
	EndGlobalSection
	GlobalSection(ExtensibilityGlobals) = postSolution
		SolutionGuid = {D4FC4555-0223-490F-B597-1278D1150C27}
	EndGlobalSection
EndGlobal
